{
  "version": 4,
  "terraform_version": "1.14.3",
  "serial": 7,
  "lineage": "ea5ec920-b142-3a80-cfc9-2a3e10bdc930",
  "outputs": {
    "cluster_name": {
      "value": "multi-region-k8s-ap-south-1",
      "type": "string"
    },
    "subnet_id": {
      "value": "subnet-09ac0017b24f836c6",
      "type": "string"
    },
    "vpc_id": {
      "value": "vpc-0be8a66bd2823c83d",
      "type": "string"
    }
  },
  "resources": [
    {
      "module": "module.eks",
      "mode": "managed",
      "type": "aws_iam_role",
      "name": "eks_cluster_role",
      "provider": "provider[\"registry.terraform.io/hashicorp/aws\"]",
      "instances": [
        {
          "schema_version": 0,
          "attributes": {
            "arn": "arn:aws:iam::405474549078:role/multi-region-k8s-ap-south-1-eks-cluster-role",
            "assume_role_policy": "{\"Statement\":[{\"Action\":\"sts:AssumeRole\",\"Effect\":\"Allow\",\"Principal\":{\"Service\":\"eks.amazonaws.com\"}}],\"Version\":\"2012-10-17\"}",
            "create_date": "2026-01-13T07:05:51Z",
            "description": "",
            "force_detach_policies": false,
            "id": "multi-region-k8s-ap-south-1-eks-cluster-role",
            "inline_policy": [],
            "managed_policy_arns": [],
            "max_session_duration": 3600,
            "name": "multi-region-k8s-ap-south-1-eks-cluster-role",
            "name_prefix": "",
            "path": "/",
            "permissions_boundary": "",
            "tags": {
              "Project": "multi-region-k8s",
              "Region": "ap-south-1"
            },
            "tags_all": {
              "Project": "multi-region-k8s",
              "Region": "ap-south-1"
            },
            "unique_id": "AROAV42BKTVLHF6UHFURL"
          },
          "sensitive_attributes": [],
          "identity_schema_version": 0,
          "private": "bnVsbA=="
        }
      ]
    },
    {
      "module": "module.eks",
      "mode": "managed",
      "type": "aws_iam_role_policy_attachment",
      "name": "eks_cluster_policy",
      "provider": "provider[\"registry.terraform.io/hashicorp/aws\"]",
      "instances": [
        {
          "schema_version": 0,
          "attributes": {
            "id": "multi-region-k8s-ap-south-1-eks-cluster-role-20260113070552185000000001",
            "policy_arn": "arn:aws:iam::aws:policy/AmazonEKSClusterPolicy",
            "role": "multi-region-k8s-ap-south-1-eks-cluster-role"
          },
          "sensitive_attributes": [],
          "identity_schema_version": 0,
          "private": "bnVsbA==",
          "dependencies": [
            "module.eks.aws_iam_role.eks_cluster_role"
          ]
        }
      ]
    },
    {
      "module": "module.vpc",
      "mode": "managed",
      "type": "aws_internet_gateway",
      "name": "igw",
      "provider": "module.vpc.provider[\"registry.terraform.io/hashicorp/aws\"]",
      "instances": [
        {
          "schema_version": 0,
          "attributes": {
            "arn": "arn:aws:ec2:ap-south-1:405474549078:internet-gateway/igw-01826a25cab1871f1",
            "id": "igw-01826a25cab1871f1",
            "owner_id": "405474549078",
            "tags": {
              "Name": "multi-region-k8s-igw",
              "Project": "multi-region-k8s",
              "Region": "ap-south-1"
            },
            "tags_all": {
              "Name": "multi-region-k8s-igw",
              "Project": "multi-region-k8s",
              "Region": "ap-south-1"
            },
            "timeouts": null,
            "vpc_id": "vpc-0be8a66bd2823c83d"
          },
          "sensitive_attributes": [],
          "identity_schema_version": 0,
          "private": "eyJlMmJmYjczMC1lY2FhLTExZTYtOGY4OC0zNDM2M2JjN2M0YzAiOnsiY3JlYXRlIjoxMjAwMDAwMDAwMDAwLCJkZWxldGUiOjEyMDAwMDAwMDAwMDAsInVwZGF0ZSI6MTIwMDAwMDAwMDAwMH19",
          "dependencies": [
            "module.vpc.aws_vpc.this"
          ]
        }
      ]
    },
    {
      "module": "module.vpc",
      "mode": "managed",
      "type": "aws_subnet",
      "name": "public",
      "provider": "module.vpc.provider[\"registry.terraform.io/hashicorp/aws\"]",
      "instances": [
        {
          "schema_version": 1,
          "attributes": {
            "arn": "arn:aws:ec2:ap-south-1:405474549078:subnet/subnet-09ac0017b24f836c6",
            "assign_ipv6_address_on_creation": false,
            "availability_zone": "ap-south-1a",
            "availability_zone_id": "aps1-az1",
            "cidr_block": "10.0.1.0/24",
            "customer_owned_ipv4_pool": "",
            "enable_dns64": false,
            "enable_lni_at_device_index": 0,
            "enable_resource_name_dns_a_record_on_launch": false,
            "enable_resource_name_dns_aaaa_record_on_launch": false,
            "id": "subnet-09ac0017b24f836c6",
            "ipv6_cidr_block": "",
            "ipv6_cidr_block_association_id": "",
            "ipv6_native": false,
            "map_customer_owned_ip_on_launch": false,
            "map_public_ip_on_launch": true,
            "outpost_arn": "",
            "owner_id": "405474549078",
            "private_dns_hostname_type_on_launch": "ip-name",
            "tags": {
              "Name": "multi-region-k8s-subnet",
              "Project": "multi-region-k8s",
              "Region": "ap-south-1"
            },
            "tags_all": {
              "Name": "multi-region-k8s-subnet",
              "Project": "multi-region-k8s",
              "Region": "ap-south-1"
            },
            "timeouts": null,
            "vpc_id": "vpc-0be8a66bd2823c83d"
          },
          "sensitive_attributes": [],
          "identity_schema_version": 0,
          "private": "eyJlMmJmYjczMC1lY2FhLTExZTYtOGY4OC0zNDM2M2JjN2M0YzAiOnsiY3JlYXRlIjo2MDAwMDAwMDAwMDAsImRlbGV0ZSI6MTIwMDAwMDAwMDAwMH0sInNjaGVtYV92ZXJzaW9uIjoiMSJ9",
          "dependencies": [
            "module.vpc.aws_vpc.this"
          ]
        }
      ]
    },
    {
      "module": "module.vpc",
      "mode": "managed",
      "type": "aws_vpc",
      "name": "this",
      "provider": "module.vpc.provider[\"registry.terraform.io/hashicorp/aws\"]",
      "instances": [
        {
          "schema_version": 1,
          "attributes": {
            "arn": "arn:aws:ec2:ap-south-1:405474549078:vpc/vpc-0be8a66bd2823c83d",
            "assign_generated_ipv6_cidr_block": false,
            "cidr_block": "10.0.0.0/16",
            "default_network_acl_id": "acl-05b673575c7547e0a",
            "default_route_table_id": "rtb-07ca7b787aacc91ee",
            "default_security_group_id": "sg-0a7579b79bbc1a7ae",
            "dhcp_options_id": "dopt-085a492835bcb4bde",
            "enable_dns_hostnames": false,
            "enable_dns_support": true,
            "enable_network_address_usage_metrics": false,
            "id": "vpc-0be8a66bd2823c83d",
            "instance_tenancy": "default",
            "ipv4_ipam_pool_id": null,
            "ipv4_netmask_length": null,
            "ipv6_association_id": "",
            "ipv6_cidr_block": "",
            "ipv6_cidr_block_network_border_group": "",
            "ipv6_ipam_pool_id": "",
            "ipv6_netmask_length": 0,
            "main_route_table_id": "rtb-07ca7b787aacc91ee",
            "owner_id": "405474549078",
            "tags": {
              "Name": "multi-region-k8s-vpc",
              "Project": "multi-region-k8s",
              "Region": "ap-south-1"
            },
            "tags_all": {
              "Name": "multi-region-k8s-vpc",
              "Project": "multi-region-k8s",
              "Region": "ap-south-1"
            }
          },
          "sensitive_attributes": [],
          "identity_schema_version": 0,
          "private": "eyJzY2hlbWFfdmVyc2lvbiI6IjEifQ=="
        }
      ]
    }
  ],
  "check_results": null
}
