{
  "version": 4,
  "terraform_version": "1.14.3",
  "serial": 15,
  "lineage": "ea5ec920-b142-3a80-cfc9-2a3e10bdc930",
  "outputs": {
    "cluster_name": {
      "value": "multi-region-k8s-ap-south-1",
      "type": "string"
    },
    "subnet_ids": {
      "value": [
        "subnet-0e09a846bd1157925",
        "subnet-0e13089c5a7d11053"
      ],
      "type": [
        "tuple",
        [
          "string",
          "string"
        ]
      ]
    },
    "vpc_id": {
      "value": "vpc-0be8a66bd2823c83d",
      "type": "string"
    }
  },
  "resources": [
    {
      "module": "module.eks",
      "mode": "managed",
      "type": "aws_eks_cluster",
      "name": "this",
      "provider": "provider[\"registry.terraform.io/hashicorp/aws\"]",
      "instances": [
        {
          "schema_version": 1,
          "attributes": {
            "access_config": [
              {
                "authentication_mode": "CONFIG_MAP",
                "bootstrap_cluster_creator_admin_permissions": true
              }
            ],
            "arn": "arn:aws:eks:ap-south-1:405474549078:cluster/multi-region-k8s-ap-south-1",
            "bootstrap_self_managed_addons": true,
            "certificate_authority": [
              {
                "data": "LS0tLS1CRUdJTiBDRVJUSUZJQ0FURS0tLS0tCk1JSURCVENDQWUyZ0F3SUJBZ0lJSHJmdXNIUkhRb013RFFZSktvWklodmNOQVFFTEJRQXdGVEVUTUJFR0ExVUUKQXhNS2EzVmlaWEp1WlhSbGN6QWVGdzB5TmpBeE1UTXdPRE14TURSYUZ3MHpOakF4TVRFd09ETTJNRFJhTUJVeApFekFSQmdOVkJBTVRDbXQxWW1WeWJtVjBaWE13Z2dFaU1BMEdDU3FHU0liM0RRRUJBUVVBQTRJQkR3QXdnZ0VLCkFvSUJBUURYcmhTak1iTkFGNmVnczRTNy9jeU01Ti9YVk9qb1E3L3d3KzJXSlJXSm5oZWNkVTNZQjJRVk9xOHcKaG9SU3ZZalBsYlZhQll0NVpLSC9EcVNPT0lBeE83NTF6N3d0QW5pTzZ4bEVULzdQVjJPYitvUTFsNFgyUDdNYQp5SzMwZTZmaERZUk4wdGwrOUtoTVl5cVVVS2hlemlTMXd1Ny9Ea0o4bUFaVDRSMHhIZWNHL1NIbFVJWDZxSjd3CmZwckYvMUQzYjU5c1FJN2ZZM3hyc0V3R1U4dE5MWEs0WFpMaUlBSWlOTjhUWmY0VE4zdUc2NUNJSnlxciswZVIKUWJlQUV6ZEJoRXU5UHVQSHF4N2VTVktRYVpTY3VyMGRMaHRTQUhzYk15YmtJVW1RWEtSeG9ZeWNmMDNxSlQ0bQpESVp1blVFdlVUcGdwQzMzMlRZMVZLUGU0NnNkQWdNQkFBR2pXVEJYTUE0R0ExVWREd0VCL3dRRUF3SUNwREFQCkJnTlZIUk1CQWY4RUJUQURBUUgvTUIwR0ExVWREZ1FXQkJSZng0enZoSC9LYVdBNm9mUFk5Yjl3TTNQeDlEQVYKQmdOVkhSRUVEakFNZ2dwcmRXSmxjbTVsZEdWek1BMEdDU3FHU0liM0RRRUJDd1VBQTRJQkFRQVRMSXFaTW42dQpvYWZaR2ltaGJ0cFRvQ1hrZnhrWHJVYm5MMW1XWUZTY0lxWHFIaEs1QmErUzFBcjlWcUNmV3Rab1RUUmlRbE1hCnUvaFkrK2M5YkFQKzRUM2RFV2RQd1JPeXlVWGpGam5xZWt0YTAyNjVMRys0YkZWQnI4NFY1dUtqbW0zTUp0SGoKV2FXcmt6SldnczZMRHFMWnpLb05EaWZJa3NsNndOMGxNUXpZYi91dGZRdys2NFZUeGR4SCswcnM3K3dtbmNaSwpWZHVuU0JkSzB5b0JSaGtxM3VZVUgvbWRMQ2ZNRitWL2ttdWFUOWNpUkVJVWRSRUQwU0Z3SzlSckNwdTFQbWFICkVnYTRRLzlxbzg5OE5Ub3V0RHZvcTl0OEZxRmtvWUpMdXhveXdFaGVDUitybFBqMkhTZjFmTC8wQWF2SjNLVkYKNWNSUjhtcFV0bzdBCi0tLS0tRU5EIENFUlRJRklDQVRFLS0tLS0K"
              }
            ],
            "cluster_id": null,
            "compute_config": [
              {
                "enabled": false,
                "node_pools": [],
                "node_role_arn": ""
              }
            ],
            "control_plane_scaling_config": [
              {
                "tier": "standard"
              }
            ],
            "created_at": "2026-01-13T08:30:23Z",
            "deletion_protection": false,
            "enabled_cluster_log_types": null,
            "encryption_config": [],
            "endpoint": "https://3DDF0287CAA834CF991853ADEFC539FF.gr7.ap-south-1.eks.amazonaws.com",
            "force_update_version": null,
            "id": "multi-region-k8s-ap-south-1",
            "identity": [
              {
                "oidc": [
                  {
                    "issuer": "https://oidc.eks.ap-south-1.amazonaws.com/id/3DDF0287CAA834CF991853ADEFC539FF"
                  }
                ]
              }
            ],
            "kubernetes_network_config": [
              {
                "elastic_load_balancing": [
                  {
                    "enabled": false
                  }
                ],
                "ip_family": "ipv4",
                "service_ipv4_cidr": "172.20.0.0/16",
                "service_ipv6_cidr": ""
              }
            ],
            "name": "multi-region-k8s-ap-south-1",
            "outpost_config": [],
            "platform_version": "eks.10",
            "region": "ap-south-1",
            "remote_network_config": [],
            "role_arn": "arn:aws:iam::405474549078:role/multi-region-k8s-ap-south-1-eks-cluster-role",
            "status": "ACTIVE",
            "storage_config": [
              {
                "block_storage": [
                  {
                    "enabled": false
                  }
                ]
              }
            ],
            "tags": {
              "Project": "multi-region-k8s",
              "Region": "ap-south-1"
            },
            "tags_all": {
              "Project": "multi-region-k8s",
              "Region": "ap-south-1"
            },
            "timeouts": null,
            "upgrade_policy": [
              {
                "support_type": "EXTENDED"
              }
            ],
            "version": "1.34",
            "vpc_config": [
              {
                "cluster_security_group_id": "sg-06909a73d96cf0769",
                "endpoint_private_access": false,
                "endpoint_public_access": true,
                "public_access_cidrs": [
                  "0.0.0.0/0"
                ],
                "security_group_ids": null,
                "subnet_ids": [
                  "subnet-0e09a846bd1157925",
                  "subnet-0e13089c5a7d11053"
                ],
                "vpc_id": "vpc-0be8a66bd2823c83d"
              }
            ],
            "zonal_shift_config": []
          },
          "sensitive_attributes": [],
          "identity_schema_version": 0,
          "private": "eyJlMmJmYjczMC1lY2FhLTExZTYtOGY4OC0zNDM2M2JjN2M0YzAiOnsiY3JlYXRlIjoxODAwMDAwMDAwMDAwLCJkZWxldGUiOjkwMDAwMDAwMDAwMCwidXBkYXRlIjozNjAwMDAwMDAwMDAwfSwic2NoZW1hX3ZlcnNpb24iOiIxIn0=",
          "dependencies": [
            "module.eks.aws_iam_role.eks_cluster_role",
            "module.eks.aws_iam_role_policy_attachment.eks_cluster_policy",
            "module.vpc.aws_subnet.public_a",
            "module.vpc.aws_subnet.public_b",
            "module.vpc.aws_vpc.this"
          ]
        }
      ]
    },
    {
      "module": "module.eks",
      "mode": "managed",
      "type": "aws_iam_role",
      "name": "eks_cluster_role",
      "provider": "provider[\"registry.terraform.io/hashicorp/aws\"]",
      "instances": [
        {
          "schema_version": 0,
          "attributes": {
            "arn": "arn:aws:iam::405474549078:role/multi-region-k8s-ap-south-1-eks-cluster-role",
            "assume_role_policy": "{\"Statement\":[{\"Action\":\"sts:AssumeRole\",\"Effect\":\"Allow\",\"Principal\":{\"Service\":\"eks.amazonaws.com\"}}],\"Version\":\"2012-10-17\"}",
            "create_date": "2026-01-13T07:05:51Z",
            "description": "",
            "force_detach_policies": false,
            "id": "multi-region-k8s-ap-south-1-eks-cluster-role",
            "inline_policy": [],
            "managed_policy_arns": [
              "arn:aws:iam::aws:policy/AmazonEKSClusterPolicy"
            ],
            "max_session_duration": 3600,
            "name": "multi-region-k8s-ap-south-1-eks-cluster-role",
            "name_prefix": "",
            "path": "/",
            "permissions_boundary": "",
            "tags": {
              "Project": "multi-region-k8s",
              "Region": "ap-south-1"
            },
            "tags_all": {
              "Project": "multi-region-k8s",
              "Region": "ap-south-1"
            },
            "unique_id": "AROAV42BKTVLHF6UHFURL"
          },
          "sensitive_attributes": [],
          "identity_schema_version": 0,
          "identity": {
            "account_id": "405474549078",
            "name": "multi-region-k8s-ap-south-1-eks-cluster-role"
          },
          "private": "bnVsbA=="
        }
      ]
    },
    {
      "module": "module.eks",
      "mode": "managed",
      "type": "aws_iam_role_policy_attachment",
      "name": "eks_cluster_policy",
      "provider": "provider[\"registry.terraform.io/hashicorp/aws\"]",
      "instances": [
        {
          "schema_version": 0,
          "attributes": {
            "id": "multi-region-k8s-ap-south-1-eks-cluster-role-20260113070552185000000001",
            "policy_arn": "arn:aws:iam::aws:policy/AmazonEKSClusterPolicy",
            "role": "multi-region-k8s-ap-south-1-eks-cluster-role"
          },
          "sensitive_attributes": [],
          "identity_schema_version": 0,
          "identity": {
            "account_id": "405474549078",
            "policy_arn": "arn:aws:iam::aws:policy/AmazonEKSClusterPolicy",
            "role": "multi-region-k8s-ap-south-1-eks-cluster-role"
          },
          "private": "bnVsbA==",
          "dependencies": [
            "module.eks.aws_iam_role.eks_cluster_role"
          ]
        }
      ]
    },
    {
      "module": "module.vpc",
      "mode": "managed",
      "type": "aws_internet_gateway",
      "name": "igw",
      "provider": "module.vpc.provider[\"registry.terraform.io/hashicorp/aws\"]",
      "instances": [
        {
          "schema_version": 0,
          "attributes": {
            "arn": "arn:aws:ec2:ap-south-1:405474549078:internet-gateway/igw-01826a25cab1871f1",
            "id": "igw-01826a25cab1871f1",
            "owner_id": "405474549078",
            "region": "ap-south-1",
            "tags": {
              "Name": "multi-region-k8s-igw",
              "Project": "multi-region-k8s",
              "Region": "ap-south-1"
            },
            "tags_all": {
              "Name": "multi-region-k8s-igw",
              "Project": "multi-region-k8s",
              "Region": "ap-south-1"
            },
            "timeouts": null,
            "vpc_id": "vpc-0be8a66bd2823c83d"
          },
          "sensitive_attributes": [],
          "identity_schema_version": 0,
          "private": "eyJlMmJmYjczMC1lY2FhLTExZTYtOGY4OC0zNDM2M2JjN2M0YzAiOnsiY3JlYXRlIjoxMjAwMDAwMDAwMDAwLCJkZWxldGUiOjEyMDAwMDAwMDAwMDAsInVwZGF0ZSI6MTIwMDAwMDAwMDAwMH19",
          "dependencies": [
            "module.vpc.aws_vpc.this"
          ]
        }
      ]
    },
    {
      "module": "module.vpc",
      "mode": "managed",
      "type": "aws_route_table",
      "name": "public",
      "provider": "module.vpc.provider[\"registry.terraform.io/hashicorp/aws\"]",
      "instances": [
        {
          "schema_version": 0,
          "attributes": {
            "arn": "arn:aws:ec2:ap-south-1:405474549078:route-table/rtb-00dac7ef63242011d",
            "id": "rtb-00dac7ef63242011d",
            "owner_id": "405474549078",
            "propagating_vgws": [],
            "region": "ap-south-1",
            "route": [
              {
                "carrier_gateway_id": "",
                "cidr_block": "0.0.0.0/0",
                "core_network_arn": "",
                "destination_prefix_list_id": "",
                "egress_only_gateway_id": "",
                "gateway_id": "igw-01826a25cab1871f1",
                "ipv6_cidr_block": "",
                "local_gateway_id": "",
                "nat_gateway_id": "",
                "network_interface_id": "",
                "transit_gateway_id": "",
                "vpc_endpoint_id": "",
                "vpc_peering_connection_id": ""
              }
            ],
            "tags": {
              "Name": "multi-region-k8s-rt",
              "Project": "multi-region-k8s",
              "Region": "ap-south-1"
            },
            "tags_all": {
              "Name": "multi-region-k8s-rt",
              "Project": "multi-region-k8s",
              "Region": "ap-south-1"
            },
            "timeouts": null,
            "vpc_id": "vpc-0be8a66bd2823c83d"
          },
          "sensitive_attributes": [],
          "identity_schema_version": 0,
          "identity": {
            "account_id": "405474549078",
            "id": "rtb-00dac7ef63242011d",
            "region": "ap-south-1"
          },
          "private": "eyJlMmJmYjczMC1lY2FhLTExZTYtOGY4OC0zNDM2M2JjN2M0YzAiOnsiY3JlYXRlIjozMDAwMDAwMDAwMDAsImRlbGV0ZSI6MzAwMDAwMDAwMDAwLCJ1cGRhdGUiOjEyMDAwMDAwMDAwMH19",
          "dependencies": [
            "module.vpc.aws_internet_gateway.igw",
            "module.vpc.aws_vpc.this"
          ]
        }
      ]
    },
    {
      "module": "module.vpc",
      "mode": "managed",
      "type": "aws_route_table_association",
      "name": "public_a",
      "provider": "module.vpc.provider[\"registry.terraform.io/hashicorp/aws\"]",
      "instances": [
        {
          "schema_version": 0,
          "attributes": {
            "gateway_id": "",
            "id": "rtbassoc-0de8d70b207fc27d6",
            "region": "ap-south-1",
            "route_table_id": "rtb-00dac7ef63242011d",
            "subnet_id": "subnet-0e09a846bd1157925",
            "timeouts": null
          },
          "sensitive_attributes": [],
          "identity_schema_version": 0,
          "private": "eyJlMmJmYjczMC1lY2FhLTExZTYtOGY4OC0zNDM2M2JjN2M0YzAiOnsiY3JlYXRlIjozMDAwMDAwMDAwMDAsImRlbGV0ZSI6MzAwMDAwMDAwMDAwLCJ1cGRhdGUiOjEyMDAwMDAwMDAwMH19",
          "dependencies": [
            "module.vpc.aws_internet_gateway.igw",
            "module.vpc.aws_route_table.public",
            "module.vpc.aws_subnet.public_a",
            "module.vpc.aws_vpc.this"
          ]
        }
      ]
    },
    {
      "module": "module.vpc",
      "mode": "managed",
      "type": "aws_route_table_association",
      "name": "public_b",
      "provider": "module.vpc.provider[\"registry.terraform.io/hashicorp/aws\"]",
      "instances": [
        {
          "schema_version": 0,
          "attributes": {
            "gateway_id": "",
            "id": "rtbassoc-044bc65425d2240f4",
            "region": "ap-south-1",
            "route_table_id": "rtb-00dac7ef63242011d",
            "subnet_id": "subnet-0e13089c5a7d11053",
            "timeouts": null
          },
          "sensitive_attributes": [],
          "identity_schema_version": 0,
          "private": "eyJlMmJmYjczMC1lY2FhLTExZTYtOGY4OC0zNDM2M2JjN2M0YzAiOnsiY3JlYXRlIjozMDAwMDAwMDAwMDAsImRlbGV0ZSI6MzAwMDAwMDAwMDAwLCJ1cGRhdGUiOjEyMDAwMDAwMDAwMH19",
          "dependencies": [
            "module.vpc.aws_internet_gateway.igw",
            "module.vpc.aws_route_table.public",
            "module.vpc.aws_subnet.public_b",
            "module.vpc.aws_vpc.this"
          ]
        }
      ]
    },
    {
      "module": "module.vpc",
      "mode": "managed",
      "type": "aws_subnet",
      "name": "public_a",
      "provider": "module.vpc.provider[\"registry.terraform.io/hashicorp/aws\"]",
      "instances": [
        {
          "schema_version": 1,
          "attributes": {
            "arn": "arn:aws:ec2:ap-south-1:405474549078:subnet/subnet-0e09a846bd1157925",
            "assign_ipv6_address_on_creation": false,
            "availability_zone": "ap-south-1a",
            "availability_zone_id": "aps1-az1",
            "cidr_block": "10.0.10.0/24",
            "customer_owned_ipv4_pool": "",
            "enable_dns64": false,
            "enable_lni_at_device_index": 0,
            "enable_resource_name_dns_a_record_on_launch": false,
            "enable_resource_name_dns_aaaa_record_on_launch": false,
            "id": "subnet-0e09a846bd1157925",
            "ipv6_cidr_block": "",
            "ipv6_cidr_block_association_id": "",
            "ipv6_native": false,
            "map_customer_owned_ip_on_launch": false,
            "map_public_ip_on_launch": true,
            "outpost_arn": "",
            "owner_id": "405474549078",
            "private_dns_hostname_type_on_launch": "ip-name",
            "region": "ap-south-1",
            "tags": {
              "Name": "multi-region-k8s-subnet-a",
              "Project": "multi-region-k8s",
              "Region": "ap-south-1"
            },
            "tags_all": {
              "Name": "multi-region-k8s-subnet-a",
              "Project": "multi-region-k8s",
              "Region": "ap-south-1"
            },
            "timeouts": null,
            "vpc_id": "vpc-0be8a66bd2823c83d"
          },
          "sensitive_attributes": [],
          "identity_schema_version": 0,
          "identity": {
            "account_id": "405474549078",
            "id": "subnet-0e09a846bd1157925",
            "region": "ap-south-1"
          },
          "private": "eyJlMmJmYjczMC1lY2FhLTExZTYtOGY4OC0zNDM2M2JjN2M0YzAiOnsiY3JlYXRlIjo2MDAwMDAwMDAwMDAsImRlbGV0ZSI6MTIwMDAwMDAwMDAwMH0sInNjaGVtYV92ZXJzaW9uIjoiMSJ9",
          "dependencies": [
            "module.vpc.aws_vpc.this"
          ]
        }
      ]
    },
    {
      "module": "module.vpc",
      "mode": "managed",
      "type": "aws_subnet",
      "name": "public_b",
      "provider": "module.vpc.provider[\"registry.terraform.io/hashicorp/aws\"]",
      "instances": [
        {
          "schema_version": 1,
          "attributes": {
            "arn": "arn:aws:ec2:ap-south-1:405474549078:subnet/subnet-0e13089c5a7d11053",
            "assign_ipv6_address_on_creation": false,
            "availability_zone": "ap-south-1b",
            "availability_zone_id": "aps1-az3",
            "cidr_block": "10.0.20.0/24",
            "customer_owned_ipv4_pool": "",
            "enable_dns64": false,
            "enable_lni_at_device_index": 0,
            "enable_resource_name_dns_a_record_on_launch": false,
            "enable_resource_name_dns_aaaa_record_on_launch": false,
            "id": "subnet-0e13089c5a7d11053",
            "ipv6_cidr_block": "",
            "ipv6_cidr_block_association_id": "",
            "ipv6_native": false,
            "map_customer_owned_ip_on_launch": false,
            "map_public_ip_on_launch": true,
            "outpost_arn": "",
            "owner_id": "405474549078",
            "private_dns_hostname_type_on_launch": "ip-name",
            "region": "ap-south-1",
            "tags": {
              "Name": "multi-region-k8s-subnet-b",
              "Project": "multi-region-k8s",
              "Region": "ap-south-1"
            },
            "tags_all": {
              "Name": "multi-region-k8s-subnet-b",
              "Project": "multi-region-k8s",
              "Region": "ap-south-1"
            },
            "timeouts": null,
            "vpc_id": "vpc-0be8a66bd2823c83d"
          },
          "sensitive_attributes": [],
          "identity_schema_version": 0,
          "identity": {
            "account_id": "405474549078",
            "id": "subnet-0e13089c5a7d11053",
            "region": "ap-south-1"
          },
          "private": "eyJlMmJmYjczMC1lY2FhLTExZTYtOGY4OC0zNDM2M2JjN2M0YzAiOnsiY3JlYXRlIjo2MDAwMDAwMDAwMDAsImRlbGV0ZSI6MTIwMDAwMDAwMDAwMH0sInNjaGVtYV92ZXJzaW9uIjoiMSJ9",
          "dependencies": [
            "module.vpc.aws_vpc.this"
          ]
        }
      ]
    },
    {
      "module": "module.vpc",
      "mode": "managed",
      "type": "aws_vpc",
      "name": "this",
      "provider": "module.vpc.provider[\"registry.terraform.io/hashicorp/aws\"]",
      "instances": [
        {
          "schema_version": 1,
          "attributes": {
            "arn": "arn:aws:ec2:ap-south-1:405474549078:vpc/vpc-0be8a66bd2823c83d",
            "assign_generated_ipv6_cidr_block": false,
            "cidr_block": "10.0.0.0/16",
            "default_network_acl_id": "acl-05b673575c7547e0a",
            "default_route_table_id": "rtb-07ca7b787aacc91ee",
            "default_security_group_id": "sg-0a7579b79bbc1a7ae",
            "dhcp_options_id": "dopt-085a492835bcb4bde",
            "enable_dns_hostnames": false,
            "enable_dns_support": true,
            "enable_network_address_usage_metrics": false,
            "id": "vpc-0be8a66bd2823c83d",
            "instance_tenancy": "default",
            "ipv4_ipam_pool_id": null,
            "ipv4_netmask_length": null,
            "ipv6_association_id": "",
            "ipv6_cidr_block": "",
            "ipv6_cidr_block_network_border_group": "",
            "ipv6_ipam_pool_id": "",
            "ipv6_netmask_length": 0,
            "main_route_table_id": "rtb-07ca7b787aacc91ee",
            "owner_id": "405474549078",
            "region": "ap-south-1",
            "tags": {
              "Name": "multi-region-k8s-vpc",
              "Project": "multi-region-k8s",
              "Region": "ap-south-1"
            },
            "tags_all": {
              "Name": "multi-region-k8s-vpc",
              "Project": "multi-region-k8s",
              "Region": "ap-south-1"
            }
          },
          "sensitive_attributes": [],
          "identity_schema_version": 0,
          "identity": {
            "account_id": "405474549078",
            "id": "vpc-0be8a66bd2823c83d",
            "region": "ap-south-1"
          },
          "private": "eyJzY2hlbWFfdmVyc2lvbiI6IjEifQ=="
        }
      ]
    }
  ],
  "check_results": null
}
