{
  "version": 4,
  "terraform_version": "1.14.3",
  "serial": 21,
  "lineage": "7123a61a-dfba-ef3d-ccef-7bfac245d3bf",
  "outputs": {
    "cluster_name": {
      "value": "multi-region-k8s-us-east-1",
      "type": "string"
    },
    "subnet_ids": {
      "value": [
        "subnet-051781e5a5fbaf0b5",
        "subnet-015fdbee997d5506f"
      ],
      "type": [
        "tuple",
        [
          "string",
          "string"
        ]
      ]
    },
    "vpc_id": {
      "value": "vpc-096a19674f19dd18f",
      "type": "string"
    }
  },
  "resources": [
    {
      "module": "module.eks",
      "mode": "managed",
      "type": "aws_eks_cluster",
      "name": "this",
      "provider": "provider[\"registry.terraform.io/hashicorp/aws\"]",
      "instances": [
        {
          "schema_version": 1,
          "attributes": {
            "access_config": [
              {
                "authentication_mode": "CONFIG_MAP",
                "bootstrap_cluster_creator_admin_permissions": true
              }
            ],
            "arn": "arn:aws:eks:us-east-1:405474549078:cluster/multi-region-k8s-us-east-1",
            "bootstrap_self_managed_addons": true,
            "certificate_authority": [
              {
                "data": "LS0tLS1CRUdJTiBDRVJUSUZJQ0FURS0tLS0tCk1JSURCVENDQWUyZ0F3SUJBZ0lJYXdUV2RmOFo0S2d3RFFZSktvWklodmNOQVFFTEJRQXdGVEVUTUJFR0ExVUUKQXhNS2EzVmlaWEp1WlhSbGN6QWVGdzB5TmpBeE1UTXdOek13TURWYUZ3MHpOakF4TVRFd056TTFNRFZhTUJVeApFekFSQmdOVkJBTVRDbXQxWW1WeWJtVjBaWE13Z2dFaU1BMEdDU3FHU0liM0RRRUJBUVVBQTRJQkR3QXdnZ0VLCkFvSUJBUUQybHhXRllsM2xFVzFwa01TMVA3K0g0RmNQQUZpTFZQQkQ0emtONjkrMFo1S3BGRmJRMEpQVkFtd3UKQTlJMzNuTmNoTFY1bGV3R2dwbDloaWlQWkpiYi91VFZ2NXh1MTZVM2dHTzc1VmVYV0ZocTZob3ZXWEt5UGx1agpBZlhrSDc3cjQ0ZEhBKzVRK2JBdUtxVDdJSWZaTzhkQ3VuTE41NFhldElKTEN6OVRneHdJWnVrRDdUdHdVNWpuClZ2OVorNDJZTjlvdytjNnp0YnY3RzF0K3ZOSWZKQlZBVFdTU3Bpbm84blhpTXMvamt6QnM0cFBEQmhyc2x5d2sKMDZPYlozN3ZzejhiMzRSNVZIeEF5ZlIzaC82MUFFMFhjVVZmTWZ2eHJIbEg2TkU1OGRlRHc1QVd6TDltd1dkcQpFTW1YeERqQUtWZ1FRR0x2R0R6UXNZM29aNXBGQWdNQkFBR2pXVEJYTUE0R0ExVWREd0VCL3dRRUF3SUNwREFQCkJnTlZIUk1CQWY4RUJUQURBUUgvTUIwR0ExVWREZ1FXQkJSUE5lRFBBMW9EZ0M5cUFDOXRPMDBCQVZZdzZqQVYKQmdOVkhSRUVEakFNZ2dwcmRXSmxjbTVsZEdWek1BMEdDU3FHU0liM0RRRUJDd1VBQTRJQkFRQmg1NUR5ai9URQpPemw2OVYyYndQUHQ5QVJ4ZGtzbllZY0g2Z1pxaEE3ZHFobmlpZzhFN3BQUG9zYXZmcWNqd1B0SlFBY1NiUHJKCmJENkdFaEl3NEFURDc0SVpkQ3Y4QlBxZGVHc3J3ZFNkYVpTL2ZUai9IeVhJSVNiemdWZnplZFNnMmNwYzlBWE8KRXFEZzdJaFZaVG1kT255OVp2SC8zL1NSTlU0MVNkbHpsZVAydVVDaC9SdnNtK016Y2ZkMmUxOTFWTnBIVjBQYQoyV28xdXhwOUhOaDJURS9yZ3hZQnJTNGVOaHlHK1NyenRPeHVsSjFPbDZPNVY3bE5jOEJuOUxsUzhzV1Rtb2lFCmR4ZHJwR04xUVh2dy90a3JvZm9JTm4wQk1MWGNKNzd5OXhNWG1GdHo5ajFQR09iQXVLeXNER2labzFydnlkZmQKbkN5Ulp4OEdJVnVCCi0tLS0tRU5EIENFUlRJRklDQVRFLS0tLS0K"
              }
            ],
            "cluster_id": null,
            "compute_config": [
              {
                "enabled": false,
                "node_pools": [],
                "node_role_arn": ""
              }
            ],
            "control_plane_scaling_config": [
              {
                "tier": "standard"
              }
            ],
            "created_at": "2026-01-13T07:28:54Z",
            "deletion_protection": false,
            "enabled_cluster_log_types": null,
            "encryption_config": [],
            "endpoint": "https://6E1C0DD0CC8CC19C8CEED093363CBBEF.gr7.us-east-1.eks.amazonaws.com",
            "force_update_version": null,
            "id": "multi-region-k8s-us-east-1",
            "identity": [
              {
                "oidc": [
                  {
                    "issuer": "https://oidc.eks.us-east-1.amazonaws.com/id/6E1C0DD0CC8CC19C8CEED093363CBBEF"
                  }
                ]
              }
            ],
            "kubernetes_network_config": [
              {
                "elastic_load_balancing": [
                  {
                    "enabled": false
                  }
                ],
                "ip_family": "ipv4",
                "service_ipv4_cidr": "172.20.0.0/16",
                "service_ipv6_cidr": ""
              }
            ],
            "name": "multi-region-k8s-us-east-1",
            "outpost_config": [],
            "platform_version": "eks.10",
            "region": "us-east-1",
            "remote_network_config": [],
            "role_arn": "arn:aws:iam::405474549078:role/multi-region-k8s-us-east-1-eks-cluster-role",
            "status": "ACTIVE",
            "storage_config": [
              {
                "block_storage": [
                  {
                    "enabled": false
                  }
                ]
              }
            ],
            "tags": {
              "Project": "multi-region-k8s",
              "Region": "us-east-1"
            },
            "tags_all": {
              "Project": "multi-region-k8s",
              "Region": "us-east-1"
            },
            "timeouts": null,
            "upgrade_policy": [
              {
                "support_type": "EXTENDED"
              }
            ],
            "version": "1.34",
            "vpc_config": [
              {
                "cluster_security_group_id": "sg-02c3058d50c53b701",
                "endpoint_private_access": false,
                "endpoint_public_access": true,
                "public_access_cidrs": [
                  "0.0.0.0/0"
                ],
                "security_group_ids": null,
                "subnet_ids": [
                  "subnet-015fdbee997d5506f",
                  "subnet-051781e5a5fbaf0b5"
                ],
                "vpc_id": "vpc-096a19674f19dd18f"
              }
            ],
            "zonal_shift_config": []
          },
          "sensitive_attributes": [],
          "identity_schema_version": 0,
          "private": "eyJlMmJmYjczMC1lY2FhLTExZTYtOGY4OC0zNDM2M2JjN2M0YzAiOnsiY3JlYXRlIjoxODAwMDAwMDAwMDAwLCJkZWxldGUiOjkwMDAwMDAwMDAwMCwidXBkYXRlIjozNjAwMDAwMDAwMDAwfSwic2NoZW1hX3ZlcnNpb24iOiIxIn0=",
          "dependencies": [
            "module.eks.aws_iam_role.eks_cluster_role",
            "module.eks.aws_iam_role_policy_attachment.eks_cluster_policy",
            "module.vpc.aws_subnet.public_a",
            "module.vpc.aws_subnet.public_b",
            "module.vpc.aws_vpc.this"
          ]
        }
      ]
    },
    {
      "module": "module.eks",
      "mode": "managed",
      "type": "aws_iam_role",
      "name": "eks_cluster_role",
      "provider": "provider[\"registry.terraform.io/hashicorp/aws\"]",
      "instances": [
        {
          "schema_version": 0,
          "attributes": {
            "arn": "arn:aws:iam::405474549078:role/multi-region-k8s-us-east-1-eks-cluster-role",
            "assume_role_policy": "{\"Statement\":[{\"Action\":\"sts:AssumeRole\",\"Effect\":\"Allow\",\"Principal\":{\"Service\":\"eks.amazonaws.com\"}}],\"Version\":\"2012-10-17\"}",
            "create_date": "2026-01-13T07:04:59Z",
            "description": "",
            "force_detach_policies": false,
            "id": "multi-region-k8s-us-east-1-eks-cluster-role",
            "inline_policy": [],
            "managed_policy_arns": [
              "arn:aws:iam::aws:policy/AmazonEKSClusterPolicy"
            ],
            "max_session_duration": 3600,
            "name": "multi-region-k8s-us-east-1-eks-cluster-role",
            "name_prefix": "",
            "path": "/",
            "permissions_boundary": "",
            "tags": {
              "Project": "multi-region-k8s",
              "Region": "us-east-1"
            },
            "tags_all": {
              "Project": "multi-region-k8s",
              "Region": "us-east-1"
            },
            "unique_id": "AROAV42BKTVLKAONADZ42"
          },
          "sensitive_attributes": [],
          "identity_schema_version": 0,
          "identity": {
            "account_id": "405474549078",
            "name": "multi-region-k8s-us-east-1-eks-cluster-role"
          },
          "private": "bnVsbA=="
        }
      ]
    },
    {
      "module": "module.eks",
      "mode": "managed",
      "type": "aws_iam_role_policy_attachment",
      "name": "eks_cluster_policy",
      "provider": "provider[\"registry.terraform.io/hashicorp/aws\"]",
      "instances": [
        {
          "schema_version": 0,
          "attributes": {
            "id": "multi-region-k8s-us-east-1-eks-cluster-role/arn:aws:iam::aws:policy/AmazonEKSClusterPolicy",
            "policy_arn": "arn:aws:iam::aws:policy/AmazonEKSClusterPolicy",
            "role": "multi-region-k8s-us-east-1-eks-cluster-role"
          },
          "sensitive_attributes": [],
          "identity_schema_version": 0,
          "identity": {
            "account_id": "405474549078",
            "policy_arn": "arn:aws:iam::aws:policy/AmazonEKSClusterPolicy",
            "role": "multi-region-k8s-us-east-1-eks-cluster-role"
          },
          "private": "bnVsbA==",
          "dependencies": [
            "module.eks.aws_iam_role.eks_cluster_role"
          ]
        }
      ]
    },
    {
      "module": "module.vpc",
      "mode": "managed",
      "type": "aws_internet_gateway",
      "name": "igw",
      "provider": "module.vpc.provider[\"registry.terraform.io/hashicorp/aws\"]",
      "instances": [
        {
          "schema_version": 0,
          "attributes": {
            "arn": "arn:aws:ec2:us-east-1:405474549078:internet-gateway/igw-05c238471e390f824",
            "id": "igw-05c238471e390f824",
            "owner_id": "405474549078",
            "region": "us-east-1",
            "tags": {
              "Name": "multi-region-k8s-igw",
              "Project": "multi-region-k8s",
              "Region": "us-east-1"
            },
            "tags_all": {
              "Name": "multi-region-k8s-igw",
              "Project": "multi-region-k8s",
              "Region": "us-east-1"
            },
            "timeouts": null,
            "vpc_id": "vpc-096a19674f19dd18f"
          },
          "sensitive_attributes": [],
          "identity_schema_version": 0,
          "private": "eyJlMmJmYjczMC1lY2FhLTExZTYtOGY4OC0zNDM2M2JjN2M0YzAiOnsiY3JlYXRlIjoxMjAwMDAwMDAwMDAwLCJkZWxldGUiOjEyMDAwMDAwMDAwMDAsInVwZGF0ZSI6MTIwMDAwMDAwMDAwMH19",
          "dependencies": [
            "module.vpc.aws_vpc.this"
          ]
        }
      ]
    },
    {
      "module": "module.vpc",
      "mode": "managed",
      "type": "aws_route_table",
      "name": "public",
      "provider": "module.vpc.provider[\"registry.terraform.io/hashicorp/aws\"]",
      "instances": [
        {
          "schema_version": 0,
          "attributes": {
            "arn": "arn:aws:ec2:us-east-1:405474549078:route-table/rtb-0004c1d38924a79e8",
            "id": "rtb-0004c1d38924a79e8",
            "owner_id": "405474549078",
            "propagating_vgws": [],
            "region": "us-east-1",
            "route": [
              {
                "carrier_gateway_id": "",
                "cidr_block": "0.0.0.0/0",
                "core_network_arn": "",
                "destination_prefix_list_id": "",
                "egress_only_gateway_id": "",
                "gateway_id": "igw-05c238471e390f824",
                "ipv6_cidr_block": "",
                "local_gateway_id": "",
                "nat_gateway_id": "",
                "network_interface_id": "",
                "transit_gateway_id": "",
                "vpc_endpoint_id": "",
                "vpc_peering_connection_id": ""
              }
            ],
            "tags": {
              "Name": "multi-region-k8s-rt",
              "Project": "multi-region-k8s",
              "Region": "us-east-1"
            },
            "tags_all": {
              "Name": "multi-region-k8s-rt",
              "Project": "multi-region-k8s",
              "Region": "us-east-1"
            },
            "timeouts": null,
            "vpc_id": "vpc-096a19674f19dd18f"
          },
          "sensitive_attributes": [],
          "identity_schema_version": 0,
          "identity": {
            "account_id": "405474549078",
            "id": "rtb-0004c1d38924a79e8",
            "region": "us-east-1"
          },
          "private": "eyJlMmJmYjczMC1lY2FhLTExZTYtOGY4OC0zNDM2M2JjN2M0YzAiOnsiY3JlYXRlIjozMDAwMDAwMDAwMDAsImRlbGV0ZSI6MzAwMDAwMDAwMDAwLCJ1cGRhdGUiOjEyMDAwMDAwMDAwMH19",
          "dependencies": [
            "module.vpc.aws_internet_gateway.igw",
            "module.vpc.aws_vpc.this"
          ]
        }
      ]
    },
    {
      "module": "module.vpc",
      "mode": "managed",
      "type": "aws_route_table_association",
      "name": "public_a",
      "provider": "module.vpc.provider[\"registry.terraform.io/hashicorp/aws\"]",
      "instances": [
        {
          "schema_version": 0,
          "attributes": {
            "gateway_id": "",
            "id": "rtbassoc-0326baca74a83606a",
            "region": "us-east-1",
            "route_table_id": "rtb-0004c1d38924a79e8",
            "subnet_id": "subnet-051781e5a5fbaf0b5",
            "timeouts": null
          },
          "sensitive_attributes": [],
          "identity_schema_version": 0,
          "private": "eyJlMmJmYjczMC1lY2FhLTExZTYtOGY4OC0zNDM2M2JjN2M0YzAiOnsiY3JlYXRlIjozMDAwMDAwMDAwMDAsImRlbGV0ZSI6MzAwMDAwMDAwMDAwLCJ1cGRhdGUiOjEyMDAwMDAwMDAwMH19",
          "dependencies": [
            "module.vpc.aws_internet_gateway.igw",
            "module.vpc.aws_route_table.public",
            "module.vpc.aws_subnet.public_a",
            "module.vpc.aws_vpc.this"
          ]
        }
      ]
    },
    {
      "module": "module.vpc",
      "mode": "managed",
      "type": "aws_route_table_association",
      "name": "public_b",
      "provider": "module.vpc.provider[\"registry.terraform.io/hashicorp/aws\"]",
      "instances": [
        {
          "schema_version": 0,
          "attributes": {
            "gateway_id": "",
            "id": "rtbassoc-06828e3b416847523",
            "region": "us-east-1",
            "route_table_id": "rtb-0004c1d38924a79e8",
            "subnet_id": "subnet-015fdbee997d5506f",
            "timeouts": null
          },
          "sensitive_attributes": [],
          "identity_schema_version": 0,
          "private": "eyJlMmJmYjczMC1lY2FhLTExZTYtOGY4OC0zNDM2M2JjN2M0YzAiOnsiY3JlYXRlIjozMDAwMDAwMDAwMDAsImRlbGV0ZSI6MzAwMDAwMDAwMDAwLCJ1cGRhdGUiOjEyMDAwMDAwMDAwMH19",
          "dependencies": [
            "module.vpc.aws_internet_gateway.igw",
            "module.vpc.aws_route_table.public",
            "module.vpc.aws_subnet.public_b",
            "module.vpc.aws_vpc.this"
          ]
        }
      ]
    },
    {
      "module": "module.vpc",
      "mode": "managed",
      "type": "aws_subnet",
      "name": "public_a",
      "provider": "module.vpc.provider[\"registry.terraform.io/hashicorp/aws\"]",
      "instances": [
        {
          "schema_version": 1,
          "attributes": {
            "arn": "arn:aws:ec2:us-east-1:405474549078:subnet/subnet-051781e5a5fbaf0b5",
            "assign_ipv6_address_on_creation": false,
            "availability_zone": "us-east-1a",
            "availability_zone_id": "use1-az1",
            "cidr_block": "10.0.10.0/24",
            "customer_owned_ipv4_pool": "",
            "enable_dns64": false,
            "enable_lni_at_device_index": 0,
            "enable_resource_name_dns_a_record_on_launch": false,
            "enable_resource_name_dns_aaaa_record_on_launch": false,
            "id": "subnet-051781e5a5fbaf0b5",
            "ipv6_cidr_block": "",
            "ipv6_cidr_block_association_id": "",
            "ipv6_native": false,
            "map_customer_owned_ip_on_launch": false,
            "map_public_ip_on_launch": true,
            "outpost_arn": "",
            "owner_id": "405474549078",
            "private_dns_hostname_type_on_launch": "ip-name",
            "region": "us-east-1",
            "tags": {
              "Name": "multi-region-k8s-subnet-a",
              "Project": "multi-region-k8s",
              "Region": "us-east-1"
            },
            "tags_all": {
              "Name": "multi-region-k8s-subnet-a",
              "Project": "multi-region-k8s",
              "Region": "us-east-1"
            },
            "timeouts": null,
            "vpc_id": "vpc-096a19674f19dd18f"
          },
          "sensitive_attributes": [],
          "identity_schema_version": 0,
          "identity": {
            "account_id": "405474549078",
            "id": "subnet-051781e5a5fbaf0b5",
            "region": "us-east-1"
          },
          "private": "eyJlMmJmYjczMC1lY2FhLTExZTYtOGY4OC0zNDM2M2JjN2M0YzAiOnsiY3JlYXRlIjo2MDAwMDAwMDAwMDAsImRlbGV0ZSI6MTIwMDAwMDAwMDAwMH0sInNjaGVtYV92ZXJzaW9uIjoiMSJ9",
          "dependencies": [
            "module.vpc.aws_vpc.this"
          ]
        }
      ]
    },
    {
      "module": "module.vpc",
      "mode": "managed",
      "type": "aws_subnet",
      "name": "public_b",
      "provider": "module.vpc.provider[\"registry.terraform.io/hashicorp/aws\"]",
      "instances": [
        {
          "schema_version": 1,
          "attributes": {
            "arn": "arn:aws:ec2:us-east-1:405474549078:subnet/subnet-015fdbee997d5506f",
            "assign_ipv6_address_on_creation": false,
            "availability_zone": "us-east-1b",
            "availability_zone_id": "use1-az2",
            "cidr_block": "10.0.20.0/24",
            "customer_owned_ipv4_pool": "",
            "enable_dns64": false,
            "enable_lni_at_device_index": 0,
            "enable_resource_name_dns_a_record_on_launch": false,
            "enable_resource_name_dns_aaaa_record_on_launch": false,
            "id": "subnet-015fdbee997d5506f",
            "ipv6_cidr_block": "",
            "ipv6_cidr_block_association_id": "",
            "ipv6_native": false,
            "map_customer_owned_ip_on_launch": false,
            "map_public_ip_on_launch": true,
            "outpost_arn": "",
            "owner_id": "405474549078",
            "private_dns_hostname_type_on_launch": "ip-name",
            "region": "us-east-1",
            "tags": {
              "Name": "multi-region-k8s-subnet-b",
              "Project": "multi-region-k8s",
              "Region": "us-east-1"
            },
            "tags_all": {
              "Name": "multi-region-k8s-subnet-b",
              "Project": "multi-region-k8s",
              "Region": "us-east-1"
            },
            "timeouts": null,
            "vpc_id": "vpc-096a19674f19dd18f"
          },
          "sensitive_attributes": [],
          "identity_schema_version": 0,
          "identity": {
            "account_id": "405474549078",
            "id": "subnet-015fdbee997d5506f",
            "region": "us-east-1"
          },
          "private": "eyJlMmJmYjczMC1lY2FhLTExZTYtOGY4OC0zNDM2M2JjN2M0YzAiOnsiY3JlYXRlIjo2MDAwMDAwMDAwMDAsImRlbGV0ZSI6MTIwMDAwMDAwMDAwMH0sInNjaGVtYV92ZXJzaW9uIjoiMSJ9",
          "dependencies": [
            "module.vpc.aws_vpc.this"
          ]
        }
      ]
    },
    {
      "module": "module.vpc",
      "mode": "managed",
      "type": "aws_vpc",
      "name": "this",
      "provider": "module.vpc.provider[\"registry.terraform.io/hashicorp/aws\"]",
      "instances": [
        {
          "schema_version": 1,
          "attributes": {
            "arn": "arn:aws:ec2:us-east-1:405474549078:vpc/vpc-096a19674f19dd18f",
            "assign_generated_ipv6_cidr_block": false,
            "cidr_block": "10.0.0.0/16",
            "default_network_acl_id": "acl-07869ba6119a08f47",
            "default_route_table_id": "rtb-045619e859ee7084d",
            "default_security_group_id": "sg-0a6ffc74e6c8f166e",
            "dhcp_options_id": "dopt-0aec2c26fdc046431",
            "enable_dns_hostnames": false,
            "enable_dns_support": true,
            "enable_network_address_usage_metrics": false,
            "id": "vpc-096a19674f19dd18f",
            "instance_tenancy": "default",
            "ipv4_ipam_pool_id": null,
            "ipv4_netmask_length": null,
            "ipv6_association_id": "",
            "ipv6_cidr_block": "",
            "ipv6_cidr_block_network_border_group": "",
            "ipv6_ipam_pool_id": "",
            "ipv6_netmask_length": 0,
            "main_route_table_id": "rtb-045619e859ee7084d",
            "owner_id": "405474549078",
            "region": "us-east-1",
            "tags": {
              "Name": "multi-region-k8s-vpc",
              "Project": "multi-region-k8s",
              "Region": "us-east-1"
            },
            "tags_all": {
              "Name": "multi-region-k8s-vpc",
              "Project": "multi-region-k8s",
              "Region": "us-east-1"
            }
          },
          "sensitive_attributes": [],
          "identity_schema_version": 0,
          "identity": {
            "account_id": "405474549078",
            "id": "vpc-096a19674f19dd18f",
            "region": "us-east-1"
          },
          "private": "eyJzY2hlbWFfdmVyc2lvbiI6IjEifQ=="
        }
      ]
    }
  ],
  "check_results": null
}
