{
  "version": 4,
  "terraform_version": "1.14.3",
  "serial": 15,
  "lineage": "c5eeb14b-23ef-c367-c8a3-1f16f524fc56",
  "outputs": {
    "cluster_name": {
      "value": "multi-region-k8s-eu-west-1",
      "type": "string"
    },
    "subnet_ids": {
      "value": [
        "subnet-0bf70de603debb565",
        "subnet-0f1ce74b5cd7b5ef6"
      ],
      "type": [
        "tuple",
        [
          "string",
          "string"
        ]
      ]
    },
    "vpc_id": {
      "value": "vpc-0ebcb20882c19faa5",
      "type": "string"
    }
  },
  "resources": [
    {
      "module": "module.eks",
      "mode": "managed",
      "type": "aws_eks_cluster",
      "name": "this",
      "provider": "provider[\"registry.terraform.io/hashicorp/aws\"]",
      "instances": [
        {
          "schema_version": 1,
          "attributes": {
            "access_config": [
              {
                "authentication_mode": "CONFIG_MAP",
                "bootstrap_cluster_creator_admin_permissions": true
              }
            ],
            "arn": "arn:aws:eks:eu-west-1:405474549078:cluster/multi-region-k8s-eu-west-1",
            "bootstrap_self_managed_addons": true,
            "certificate_authority": [
              {
                "data": "LS0tLS1CRUdJTiBDRVJUSUZJQ0FURS0tLS0tCk1JSURCVENDQWUyZ0F3SUJBZ0lJSzRLVStXNm5CYjh3RFFZSktvWklodmNOQVFFTEJRQXdGVEVUTUJFR0ExVUUKQXhNS2EzVmlaWEp1WlhSbGN6QWVGdzB5TmpBeE1UTXdPREE0TWpOYUZ3MHpOakF4TVRFd09ERXpNak5hTUJVeApFekFSQmdOVkJBTVRDbXQxWW1WeWJtVjBaWE13Z2dFaU1BMEdDU3FHU0liM0RRRUJBUVVBQTRJQkR3QXdnZ0VLCkFvSUJBUUNybTdhbk5lNkIrQkgvdURYekJFTVQ4WCtUekYybUx6TlZob05raE90Ly96eUVVTVA5WVYzZG1zVVMKTU42d095bEYyVFJERjVFNjFIWVo0QUxsSEY1QU81dnZYZEpXb3l6dVBFVy96Nld4THoxdnNkc1NheXZ6c1B2ZgptSHdVeUVyZzdvT1BOMk5PMmZsUlV6SmZUejBJK2FYdmw4VXhhNW5NcFYxTWw2cGJ4aXpUdk41SnB5Vm0wZ0Q4CnVndHJRLzdMOHFQSVRDWit6bTJ6WmxDa01FWjlSZ2t4aUwyNnczOTZIVEpqMEFsa245ck5obksxSlJhWW15bHkKOG5RazhUOHpGL0FlOUVhTFQ5TGg1cDIva0ZzOWM2aVByNzVvK3Fzb0FYRDA4VUlpdHpFRW90ZkNrcis5bzYxbwpTQUNPN3Nydys3dDI3eTJmUE50TCtIMmdvQWxUQWdNQkFBR2pXVEJYTUE0R0ExVWREd0VCL3dRRUF3SUNwREFQCkJnTlZIUk1CQWY4RUJUQURBUUgvTUIwR0ExVWREZ1FXQkJRVkNHTzVweFJkOVU1ck93Y0NGOEpMNWZFMDl6QVYKQmdOVkhSRUVEakFNZ2dwcmRXSmxjbTVsZEdWek1BMEdDU3FHU0liM0RRRUJDd1VBQTRJQkFRQlJST3A5WjRWaQp4N0twUmFRSkhoTTJlM3NXcVdtbE5wSWpyZUdjcHZBZ0pvdkNVZytXanQzdzBjdE9Ga0MwSENFSGt3Yi9mV080CjZicXhHSnlTSzRnWGtDaEJOVDY3SWVZSnlSeWIxb3RqT1NaaGMwT3htUU52SEdDZDZPMnBQd1VGS3NEa1pzWUIKUnBrMHFCM3l6WCtxWUhaM0pVL1FkY2hZaXFOamFFaTQrbjFWaG1ROUErVjhkRzNPcFZlY2NNNTVTWEdUUnNFRgpUQzU3L2xGSXZyTHZQY1ZTd0RKYW1vNW84TnlxVVQ3RGN4c3JJQzh6Yzc2RkJWOE45VEdVZzhOTjcrdW9nR2N6CmhOWkZsMnJWUWhpVkJBNmRjRys1YzludXpRR1VlTmlVTDdkT0pJdmtUTVhKelFzN2ZzN2lMQjFVLzVwYld0SVkKRmM3VzY1bm9sZ2MyCi0tLS0tRU5EIENFUlRJRklDQVRFLS0tLS0K"
              }
            ],
            "cluster_id": null,
            "compute_config": [
              {
                "enabled": false,
                "node_pools": [],
                "node_role_arn": ""
              }
            ],
            "control_plane_scaling_config": [
              {
                "tier": "standard"
              }
            ],
            "created_at": "2026-01-13T08:07:33Z",
            "deletion_protection": false,
            "enabled_cluster_log_types": null,
            "encryption_config": [],
            "endpoint": "https://4A4623FF48485832A680B9A66B177E14.gr7.eu-west-1.eks.amazonaws.com",
            "force_update_version": null,
            "id": "multi-region-k8s-eu-west-1",
            "identity": [
              {
                "oidc": [
                  {
                    "issuer": "https://oidc.eks.eu-west-1.amazonaws.com/id/4A4623FF48485832A680B9A66B177E14"
                  }
                ]
              }
            ],
            "kubernetes_network_config": [
              {
                "elastic_load_balancing": [
                  {
                    "enabled": false
                  }
                ],
                "ip_family": "ipv4",
                "service_ipv4_cidr": "172.20.0.0/16",
                "service_ipv6_cidr": ""
              }
            ],
            "name": "multi-region-k8s-eu-west-1",
            "outpost_config": [],
            "platform_version": "eks.10",
            "region": "eu-west-1",
            "remote_network_config": [],
            "role_arn": "arn:aws:iam::405474549078:role/multi-region-k8s-eu-west-1-eks-cluster-role",
            "status": "ACTIVE",
            "storage_config": [
              {
                "block_storage": [
                  {
                    "enabled": false
                  }
                ]
              }
            ],
            "tags": {
              "Project": "multi-region-k8s",
              "Region": "eu-west-1"
            },
            "tags_all": {
              "Project": "multi-region-k8s",
              "Region": "eu-west-1"
            },
            "timeouts": null,
            "upgrade_policy": [
              {
                "support_type": "EXTENDED"
              }
            ],
            "version": "1.34",
            "vpc_config": [
              {
                "cluster_security_group_id": "sg-01809697918284208",
                "endpoint_private_access": false,
                "endpoint_public_access": true,
                "public_access_cidrs": [
                  "0.0.0.0/0"
                ],
                "security_group_ids": null,
                "subnet_ids": [
                  "subnet-0bf70de603debb565",
                  "subnet-0f1ce74b5cd7b5ef6"
                ],
                "vpc_id": "vpc-0ebcb20882c19faa5"
              }
            ],
            "zonal_shift_config": []
          },
          "sensitive_attributes": [],
          "identity_schema_version": 0,
          "private": "eyJlMmJmYjczMC1lY2FhLTExZTYtOGY4OC0zNDM2M2JjN2M0YzAiOnsiY3JlYXRlIjoxODAwMDAwMDAwMDAwLCJkZWxldGUiOjkwMDAwMDAwMDAwMCwidXBkYXRlIjozNjAwMDAwMDAwMDAwfSwic2NoZW1hX3ZlcnNpb24iOiIxIn0=",
          "dependencies": [
            "module.eks.aws_iam_role.eks_cluster_role",
            "module.eks.aws_iam_role_policy_attachment.eks_cluster_policy",
            "module.vpc.aws_subnet.public_a",
            "module.vpc.aws_subnet.public_b",
            "module.vpc.aws_vpc.this"
          ]
        }
      ]
    },
    {
      "module": "module.eks",
      "mode": "managed",
      "type": "aws_iam_role",
      "name": "eks_cluster_role",
      "provider": "provider[\"registry.terraform.io/hashicorp/aws\"]",
      "instances": [
        {
          "schema_version": 0,
          "attributes": {
            "arn": "arn:aws:iam::405474549078:role/multi-region-k8s-eu-west-1-eks-cluster-role",
            "assume_role_policy": "{\"Statement\":[{\"Action\":\"sts:AssumeRole\",\"Effect\":\"Allow\",\"Principal\":{\"Service\":\"eks.amazonaws.com\"}}],\"Version\":\"2012-10-17\"}",
            "create_date": "2026-01-13T07:05:27Z",
            "description": "",
            "force_detach_policies": false,
            "id": "multi-region-k8s-eu-west-1-eks-cluster-role",
            "inline_policy": [],
            "managed_policy_arns": [
              "arn:aws:iam::aws:policy/AmazonEKSClusterPolicy"
            ],
            "max_session_duration": 3600,
            "name": "multi-region-k8s-eu-west-1-eks-cluster-role",
            "name_prefix": "",
            "path": "/",
            "permissions_boundary": "",
            "tags": {
              "Project": "multi-region-k8s",
              "Region": "eu-west-1"
            },
            "tags_all": {
              "Project": "multi-region-k8s",
              "Region": "eu-west-1"
            },
            "unique_id": "AROAV42BKTVLFO5BPEUIA"
          },
          "sensitive_attributes": [],
          "identity_schema_version": 0,
          "identity": {
            "account_id": "405474549078",
            "name": "multi-region-k8s-eu-west-1-eks-cluster-role"
          },
          "private": "bnVsbA=="
        }
      ]
    },
    {
      "module": "module.eks",
      "mode": "managed",
      "type": "aws_iam_role_policy_attachment",
      "name": "eks_cluster_policy",
      "provider": "provider[\"registry.terraform.io/hashicorp/aws\"]",
      "instances": [
        {
          "schema_version": 0,
          "attributes": {
            "id": "multi-region-k8s-eu-west-1-eks-cluster-role/arn:aws:iam::aws:policy/AmazonEKSClusterPolicy",
            "policy_arn": "arn:aws:iam::aws:policy/AmazonEKSClusterPolicy",
            "role": "multi-region-k8s-eu-west-1-eks-cluster-role"
          },
          "sensitive_attributes": [],
          "identity_schema_version": 0,
          "identity": {
            "account_id": "405474549078",
            "policy_arn": "arn:aws:iam::aws:policy/AmazonEKSClusterPolicy",
            "role": "multi-region-k8s-eu-west-1-eks-cluster-role"
          },
          "private": "bnVsbA==",
          "dependencies": [
            "module.eks.aws_iam_role.eks_cluster_role"
          ]
        }
      ]
    },
    {
      "module": "module.vpc",
      "mode": "managed",
      "type": "aws_internet_gateway",
      "name": "igw",
      "provider": "module.vpc.provider[\"registry.terraform.io/hashicorp/aws\"]",
      "instances": [
        {
          "schema_version": 0,
          "attributes": {
            "arn": "arn:aws:ec2:eu-west-1:405474549078:internet-gateway/igw-05634cfbabb8d053d",
            "id": "igw-05634cfbabb8d053d",
            "owner_id": "405474549078",
            "region": "eu-west-1",
            "tags": {
              "Name": "multi-region-k8s-igw",
              "Project": "multi-region-k8s",
              "Region": "eu-west-1"
            },
            "tags_all": {
              "Name": "multi-region-k8s-igw",
              "Project": "multi-region-k8s",
              "Region": "eu-west-1"
            },
            "timeouts": null,
            "vpc_id": "vpc-0ebcb20882c19faa5"
          },
          "sensitive_attributes": [],
          "identity_schema_version": 0,
          "private": "eyJlMmJmYjczMC1lY2FhLTExZTYtOGY4OC0zNDM2M2JjN2M0YzAiOnsiY3JlYXRlIjoxMjAwMDAwMDAwMDAwLCJkZWxldGUiOjEyMDAwMDAwMDAwMDAsInVwZGF0ZSI6MTIwMDAwMDAwMDAwMH19",
          "dependencies": [
            "module.vpc.aws_vpc.this"
          ]
        }
      ]
    },
    {
      "module": "module.vpc",
      "mode": "managed",
      "type": "aws_route_table",
      "name": "public",
      "provider": "module.vpc.provider[\"registry.terraform.io/hashicorp/aws\"]",
      "instances": [
        {
          "schema_version": 0,
          "attributes": {
            "arn": "arn:aws:ec2:eu-west-1:405474549078:route-table/rtb-081f459b6e257cda2",
            "id": "rtb-081f459b6e257cda2",
            "owner_id": "405474549078",
            "propagating_vgws": [],
            "region": "eu-west-1",
            "route": [
              {
                "carrier_gateway_id": "",
                "cidr_block": "0.0.0.0/0",
                "core_network_arn": "",
                "destination_prefix_list_id": "",
                "egress_only_gateway_id": "",
                "gateway_id": "igw-05634cfbabb8d053d",
                "ipv6_cidr_block": "",
                "local_gateway_id": "",
                "nat_gateway_id": "",
                "network_interface_id": "",
                "transit_gateway_id": "",
                "vpc_endpoint_id": "",
                "vpc_peering_connection_id": ""
              }
            ],
            "tags": {
              "Name": "multi-region-k8s-rt",
              "Project": "multi-region-k8s",
              "Region": "eu-west-1"
            },
            "tags_all": {
              "Name": "multi-region-k8s-rt",
              "Project": "multi-region-k8s",
              "Region": "eu-west-1"
            },
            "timeouts": null,
            "vpc_id": "vpc-0ebcb20882c19faa5"
          },
          "sensitive_attributes": [],
          "identity_schema_version": 0,
          "identity": {
            "account_id": "405474549078",
            "id": "rtb-081f459b6e257cda2",
            "region": "eu-west-1"
          },
          "private": "eyJlMmJmYjczMC1lY2FhLTExZTYtOGY4OC0zNDM2M2JjN2M0YzAiOnsiY3JlYXRlIjozMDAwMDAwMDAwMDAsImRlbGV0ZSI6MzAwMDAwMDAwMDAwLCJ1cGRhdGUiOjEyMDAwMDAwMDAwMH19",
          "dependencies": [
            "module.vpc.aws_internet_gateway.igw",
            "module.vpc.aws_vpc.this"
          ]
        }
      ]
    },
    {
      "module": "module.vpc",
      "mode": "managed",
      "type": "aws_route_table_association",
      "name": "public_a",
      "provider": "module.vpc.provider[\"registry.terraform.io/hashicorp/aws\"]",
      "instances": [
        {
          "schema_version": 0,
          "attributes": {
            "gateway_id": "",
            "id": "rtbassoc-035b343ba18e13490",
            "region": "eu-west-1",
            "route_table_id": "rtb-081f459b6e257cda2",
            "subnet_id": "subnet-0bf70de603debb565",
            "timeouts": null
          },
          "sensitive_attributes": [],
          "identity_schema_version": 0,
          "private": "eyJlMmJmYjczMC1lY2FhLTExZTYtOGY4OC0zNDM2M2JjN2M0YzAiOnsiY3JlYXRlIjozMDAwMDAwMDAwMDAsImRlbGV0ZSI6MzAwMDAwMDAwMDAwLCJ1cGRhdGUiOjEyMDAwMDAwMDAwMH19",
          "dependencies": [
            "module.vpc.aws_internet_gateway.igw",
            "module.vpc.aws_route_table.public",
            "module.vpc.aws_subnet.public_a",
            "module.vpc.aws_vpc.this"
          ]
        }
      ]
    },
    {
      "module": "module.vpc",
      "mode": "managed",
      "type": "aws_route_table_association",
      "name": "public_b",
      "provider": "module.vpc.provider[\"registry.terraform.io/hashicorp/aws\"]",
      "instances": [
        {
          "schema_version": 0,
          "attributes": {
            "gateway_id": "",
            "id": "rtbassoc-079f4e748cb592cae",
            "region": "eu-west-1",
            "route_table_id": "rtb-081f459b6e257cda2",
            "subnet_id": "subnet-0f1ce74b5cd7b5ef6",
            "timeouts": null
          },
          "sensitive_attributes": [],
          "identity_schema_version": 0,
          "private": "eyJlMmJmYjczMC1lY2FhLTExZTYtOGY4OC0zNDM2M2JjN2M0YzAiOnsiY3JlYXRlIjozMDAwMDAwMDAwMDAsImRlbGV0ZSI6MzAwMDAwMDAwMDAwLCJ1cGRhdGUiOjEyMDAwMDAwMDAwMH19",
          "dependencies": [
            "module.vpc.aws_internet_gateway.igw",
            "module.vpc.aws_route_table.public",
            "module.vpc.aws_subnet.public_b",
            "module.vpc.aws_vpc.this"
          ]
        }
      ]
    },
    {
      "module": "module.vpc",
      "mode": "managed",
      "type": "aws_subnet",
      "name": "public_a",
      "provider": "module.vpc.provider[\"registry.terraform.io/hashicorp/aws\"]",
      "instances": [
        {
          "schema_version": 1,
          "attributes": {
            "arn": "arn:aws:ec2:eu-west-1:405474549078:subnet/subnet-0bf70de603debb565",
            "assign_ipv6_address_on_creation": false,
            "availability_zone": "eu-west-1a",
            "availability_zone_id": "euw1-az2",
            "cidr_block": "10.0.10.0/24",
            "customer_owned_ipv4_pool": "",
            "enable_dns64": false,
            "enable_lni_at_device_index": 0,
            "enable_resource_name_dns_a_record_on_launch": false,
            "enable_resource_name_dns_aaaa_record_on_launch": false,
            "id": "subnet-0bf70de603debb565",
            "ipv6_cidr_block": "",
            "ipv6_cidr_block_association_id": "",
            "ipv6_native": false,
            "map_customer_owned_ip_on_launch": false,
            "map_public_ip_on_launch": true,
            "outpost_arn": "",
            "owner_id": "405474549078",
            "private_dns_hostname_type_on_launch": "ip-name",
            "region": "eu-west-1",
            "tags": {
              "Name": "multi-region-k8s-subnet-a",
              "Project": "multi-region-k8s",
              "Region": "eu-west-1"
            },
            "tags_all": {
              "Name": "multi-region-k8s-subnet-a",
              "Project": "multi-region-k8s",
              "Region": "eu-west-1"
            },
            "timeouts": null,
            "vpc_id": "vpc-0ebcb20882c19faa5"
          },
          "sensitive_attributes": [],
          "identity_schema_version": 0,
          "identity": {
            "account_id": "405474549078",
            "id": "subnet-0bf70de603debb565",
            "region": "eu-west-1"
          },
          "private": "eyJlMmJmYjczMC1lY2FhLTExZTYtOGY4OC0zNDM2M2JjN2M0YzAiOnsiY3JlYXRlIjo2MDAwMDAwMDAwMDAsImRlbGV0ZSI6MTIwMDAwMDAwMDAwMH0sInNjaGVtYV92ZXJzaW9uIjoiMSJ9",
          "dependencies": [
            "module.vpc.aws_vpc.this"
          ]
        }
      ]
    },
    {
      "module": "module.vpc",
      "mode": "managed",
      "type": "aws_subnet",
      "name": "public_b",
      "provider": "module.vpc.provider[\"registry.terraform.io/hashicorp/aws\"]",
      "instances": [
        {
          "schema_version": 1,
          "attributes": {
            "arn": "arn:aws:ec2:eu-west-1:405474549078:subnet/subnet-0f1ce74b5cd7b5ef6",
            "assign_ipv6_address_on_creation": false,
            "availability_zone": "eu-west-1b",
            "availability_zone_id": "euw1-az3",
            "cidr_block": "10.0.20.0/24",
            "customer_owned_ipv4_pool": "",
            "enable_dns64": false,
            "enable_lni_at_device_index": 0,
            "enable_resource_name_dns_a_record_on_launch": false,
            "enable_resource_name_dns_aaaa_record_on_launch": false,
            "id": "subnet-0f1ce74b5cd7b5ef6",
            "ipv6_cidr_block": "",
            "ipv6_cidr_block_association_id": "",
            "ipv6_native": false,
            "map_customer_owned_ip_on_launch": false,
            "map_public_ip_on_launch": true,
            "outpost_arn": "",
            "owner_id": "405474549078",
            "private_dns_hostname_type_on_launch": "ip-name",
            "region": "eu-west-1",
            "tags": {
              "Name": "multi-region-k8s-subnet-b",
              "Project": "multi-region-k8s",
              "Region": "eu-west-1"
            },
            "tags_all": {
              "Name": "multi-region-k8s-subnet-b",
              "Project": "multi-region-k8s",
              "Region": "eu-west-1"
            },
            "timeouts": null,
            "vpc_id": "vpc-0ebcb20882c19faa5"
          },
          "sensitive_attributes": [],
          "identity_schema_version": 0,
          "identity": {
            "account_id": "405474549078",
            "id": "subnet-0f1ce74b5cd7b5ef6",
            "region": "eu-west-1"
          },
          "private": "eyJlMmJmYjczMC1lY2FhLTExZTYtOGY4OC0zNDM2M2JjN2M0YzAiOnsiY3JlYXRlIjo2MDAwMDAwMDAwMDAsImRlbGV0ZSI6MTIwMDAwMDAwMDAwMH0sInNjaGVtYV92ZXJzaW9uIjoiMSJ9",
          "dependencies": [
            "module.vpc.aws_vpc.this"
          ]
        }
      ]
    },
    {
      "module": "module.vpc",
      "mode": "managed",
      "type": "aws_vpc",
      "name": "this",
      "provider": "module.vpc.provider[\"registry.terraform.io/hashicorp/aws\"]",
      "instances": [
        {
          "schema_version": 1,
          "attributes": {
            "arn": "arn:aws:ec2:eu-west-1:405474549078:vpc/vpc-0ebcb20882c19faa5",
            "assign_generated_ipv6_cidr_block": false,
            "cidr_block": "10.0.0.0/16",
            "default_network_acl_id": "acl-076c4e6b2d50007f7",
            "default_route_table_id": "rtb-005c3adbff72d5b5d",
            "default_security_group_id": "sg-00f04f82d7458a0a9",
            "dhcp_options_id": "dopt-0c58520d644a34790",
            "enable_dns_hostnames": false,
            "enable_dns_support": true,
            "enable_network_address_usage_metrics": false,
            "id": "vpc-0ebcb20882c19faa5",
            "instance_tenancy": "default",
            "ipv4_ipam_pool_id": null,
            "ipv4_netmask_length": null,
            "ipv6_association_id": "",
            "ipv6_cidr_block": "",
            "ipv6_cidr_block_network_border_group": "",
            "ipv6_ipam_pool_id": "",
            "ipv6_netmask_length": 0,
            "main_route_table_id": "rtb-005c3adbff72d5b5d",
            "owner_id": "405474549078",
            "region": "eu-west-1",
            "tags": {
              "Name": "multi-region-k8s-vpc",
              "Project": "multi-region-k8s",
              "Region": "eu-west-1"
            },
            "tags_all": {
              "Name": "multi-region-k8s-vpc",
              "Project": "multi-region-k8s",
              "Region": "eu-west-1"
            }
          },
          "sensitive_attributes": [],
          "identity_schema_version": 0,
          "identity": {
            "account_id": "405474549078",
            "id": "vpc-0ebcb20882c19faa5",
            "region": "eu-west-1"
          },
          "private": "eyJzY2hlbWFfdmVyc2lvbiI6IjEifQ=="
        }
      ]
    }
  ],
  "check_results": null
}
